
Microsoft Visual Studio Solution File, Format Version 12.00
# Visual Studio Version 16
VisualStudioVersion = 16.6.30114.105
MinimumVisualStudioVersion = 10.0.40219.1
Project("{FAE04EC0-301F-11D3-BF4B-00C04F79EFBC}") = "FireSource.Test", "FireSource.Test\FireSource.Test.csproj", "{4EFAFE44-D2CB-4978-9E6C-B0CD0DA0FCA9}"
EndProject
Project("{FAE04EC0-301F-11D3-BF4B-00C04F79EFBC}") = "FireMapper.Test", "FireMapper.Test\FireMapper.Test.csproj", "{CE7D5FDF-8118-496E-9668-769860319AE7}"
EndProject
Project("{FAE04EC0-301F-11D3-BF4B-00C04F79EFBC}") = "AppFireUniversity", "AppFireUniversity\AppFireUniversity.csproj", "{671568B7-4E50-4E0C-ADEA-C8A7556B69AD}"
EndProject
Project("{FAE04EC0-301F-11D3-BF4B-00C04F79EFBC}") = "FireMapper", "FireMapper\FireMapper.csproj", "{ACC52F3B-62A6-4477-BCE1-9A1DF961CE1B}"
EndProject
Project("{FAE04EC0-301F-11D3-BF4B-00C04F79EFBC}") = "FireSource", "FireSource\FireSource.csproj", "{D633902F-1EDB-4E90-AF6C-419501C09169}"
EndProject
Global
	GlobalSection(SolutionConfigurationPlatforms) = preSolution
		Debug|Any CPU = Debug|Any CPU
		Debug|x64 = Debug|x64
		Debug|x86 = Debug|x86
		Release|Any CPU = Release|Any CPU
		Release|x64 = Release|x64
		Release|x86 = Release|x86
	EndGlobalSection
	GlobalSection(SolutionProperties) = preSolution
		HideSolutionNode = FALSE
	EndGlobalSection
	GlobalSection(ProjectConfigurationPlatforms) = postSolution
		{AE3D7327-83D1-468E-ADB2-BFCFCF196DBC}.Debug|Any CPU.ActiveCfg = Debug|Any CPU
		{AE3D7327-83D1-468E-ADB2-BFCFCF196DBC}.Debug|Any CPU.Build.0 = Debug|Any CPU
		{AE3D7327-83D1-468E-ADB2-BFCFCF196DBC}.Debug|x64.ActiveCfg = Debug|Any CPU
		{AE3D7327-83D1-468E-ADB2-BFCFCF196DBC}.Debug|x64.Build.0 = Debug|Any CPU
		{AE3D7327-83D1-468E-ADB2-BFCFCF196DBC}.Debug|x86.ActiveCfg = Debug|Any CPU
		{AE3D7327-83D1-468E-ADB2-BFCFCF196DBC}.Debug|x86.Build.0 = Debug|Any CPU
		{AE3D7327-83D1-468E-ADB2-BFCFCF196DBC}.Release|Any CPU.ActiveCfg = Release|Any CPU
		{AE3D7327-83D1-468E-ADB2-BFCFCF196DBC}.Release|Any CPU.Build.0 = Release|Any CPU
		{AE3D7327-83D1-468E-ADB2-BFCFCF196DBC}.Release|x64.ActiveCfg = Release|Any CPU
		{AE3D7327-83D1-468E-ADB2-BFCFCF196DBC}.Release|x64.Build.0 = Release|Any CPU
		{AE3D7327-83D1-468E-ADB2-BFCFCF196DBC}.Release|x86.ActiveCfg = Release|Any CPU
		{AE3D7327-83D1-468E-ADB2-BFCFCF196DBC}.Release|x86.Build.0 = Release|Any CPU
		{92FC9C22-BA85-41C9-AF71-D70B78CC3622}.Debug|Any CPU.ActiveCfg = Debug|Any CPU
		{92FC9C22-BA85-41C9-AF71-D70B78CC3622}.Debug|Any CPU.Build.0 = Debug|Any CPU
		{92FC9C22-BA85-41C9-AF71-D70B78CC3622}.Debug|x64.ActiveCfg = Debug|Any CPU
		{92FC9C22-BA85-41C9-AF71-D70B78CC3622}.Debug|x64.Build.0 = Debug|Any CPU
		{92FC9C22-BA85-41C9-AF71-D70B78CC3622}.Debug|x86.ActiveCfg = Debug|Any CPU
		{92FC9C22-BA85-41C9-AF71-D70B78CC3622}.Debug|x86.Build.0 = Debug|Any CPU
		{92FC9C22-BA85-41C9-AF71-D70B78CC3622}.Release|Any CPU.ActiveCfg = Release|Any CPU
		{92FC9C22-BA85-41C9-AF71-D70B78CC3622}.Release|Any CPU.Build.0 = Release|Any CPU
		{92FC9C22-BA85-41C9-AF71-D70B78CC3622}.Release|x64.ActiveCfg = Release|Any CPU
		{92FC9C22-BA85-41C9-AF71-D70B78CC3622}.Release|x64.Build.0 = Release|Any CPU
		{92FC9C22-BA85-41C9-AF71-D70B78CC3622}.Release|x86.ActiveCfg = Release|Any CPU
		{92FC9C22-BA85-41C9-AF71-D70B78CC3622}.Release|x86.Build.0 = Release|Any CPU
		{02C5657D-EF51-4032-9E57-3AC26D531BCD}.Debug|Any CPU.ActiveCfg = Debug|Any CPU
		{02C5657D-EF51-4032-9E57-3AC26D531BCD}.Debug|Any CPU.Build.0 = Debug|Any CPU
		{02C5657D-EF51-4032-9E57-3AC26D531BCD}.Debug|x64.ActiveCfg = Debug|Any CPU
		{02C5657D-EF51-4032-9E57-3AC26D531BCD}.Debug|x64.Build.0 = Debug|Any CPU
		{02C5657D-EF51-4032-9E57-3AC26D531BCD}.Debug|x86.ActiveCfg = Debug|Any CPU
		{02C5657D-EF51-4032-9E57-3AC26D531BCD}.Debug|x86.Build.0 = Debug|Any CPU
		{02C5657D-EF51-4032-9E57-3AC26D531BCD}.Release|Any CPU.ActiveCfg = Release|Any CPU
		{02C5657D-EF51-4032-9E57-3AC26D531BCD}.Release|Any CPU.Build.0 = Release|Any CPU
		{02C5657D-EF51-4032-9E57-3AC26D531BCD}.Release|x64.ActiveCfg = Release|Any CPU
		{02C5657D-EF51-4032-9E57-3AC26D531BCD}.Release|x64.Build.0 = Release|Any CPU
		{02C5657D-EF51-4032-9E57-3AC26D531BCD}.Release|x86.ActiveCfg = Release|Any CPU
		{02C5657D-EF51-4032-9E57-3AC26D531BCD}.Release|x86.Build.0 = Release|Any CPU
		{4EFAFE44-D2CB-4978-9E6C-B0CD0DA0FCA9}.Debug|Any CPU.ActiveCfg = Debug|Any CPU
		{4EFAFE44-D2CB-4978-9E6C-B0CD0DA0FCA9}.Debug|Any CPU.Build.0 = Debug|Any CPU
		{4EFAFE44-D2CB-4978-9E6C-B0CD0DA0FCA9}.Debug|x64.ActiveCfg = Debug|Any CPU
		{4EFAFE44-D2CB-4978-9E6C-B0CD0DA0FCA9}.Debug|x64.Build.0 = Debug|Any CPU
		{4EFAFE44-D2CB-4978-9E6C-B0CD0DA0FCA9}.Debug|x86.ActiveCfg = Debug|Any CPU
		{4EFAFE44-D2CB-4978-9E6C-B0CD0DA0FCA9}.Debug|x86.Build.0 = Debug|Any CPU
		{4EFAFE44-D2CB-4978-9E6C-B0CD0DA0FCA9}.Release|Any CPU.ActiveCfg = Release|Any CPU
		{4EFAFE44-D2CB-4978-9E6C-B0CD0DA0FCA9}.Release|Any CPU.Build.0 = Release|Any CPU
		{4EFAFE44-D2CB-4978-9E6C-B0CD0DA0FCA9}.Release|x64.ActiveCfg = Release|Any CPU
		{4EFAFE44-D2CB-4978-9E6C-B0CD0DA0FCA9}.Release|x64.Build.0 = Release|Any CPU
		{4EFAFE44-D2CB-4978-9E6C-B0CD0DA0FCA9}.Release|x86.ActiveCfg = Release|Any CPU
		{4EFAFE44-D2CB-4978-9E6C-B0CD0DA0FCA9}.Release|x86.Build.0 = Release|Any CPU
		{CE7D5FDF-8118-496E-9668-769860319AE7}.Debug|Any CPU.ActiveCfg = Debug|Any CPU
		{CE7D5FDF-8118-496E-9668-769860319AE7}.Debug|Any CPU.Build.0 = Debug|Any CPU
		{CE7D5FDF-8118-496E-9668-769860319AE7}.Debug|x64.ActiveCfg = Debug|Any CPU
		{CE7D5FDF-8118-496E-9668-769860319AE7}.Debug|x64.Build.0 = Debug|Any CPU
		{CE7D5FDF-8118-496E-9668-769860319AE7}.Debug|x86.ActiveCfg = Debug|Any CPU
		{CE7D5FDF-8118-496E-9668-769860319AE7}.Debug|x86.Build.0 = Debug|Any CPU
		{CE7D5FDF-8118-496E-9668-769860319AE7}.Release|Any CPU.ActiveCfg = Release|Any CPU
		{CE7D5FDF-8118-496E-9668-769860319AE7}.Release|Any CPU.Build.0 = Release|Any CPU
		{CE7D5FDF-8118-496E-9668-769860319AE7}.Release|x64.ActiveCfg = Release|Any CPU
		{CE7D5FDF-8118-496E-9668-769860319AE7}.Release|x64.Build.0 = Release|Any CPU
		{CE7D5FDF-8118-496E-9668-769860319AE7}.Release|x86.ActiveCfg = Release|Any CPU
		{CE7D5FDF-8118-496E-9668-769860319AE7}.Release|x86.Build.0 = Release|Any CPU
		{671568B7-4E50-4E0C-ADEA-C8A7556B69AD}.Debug|Any CPU.ActiveCfg = Debug|Any CPU
		{671568B7-4E50-4E0C-ADEA-C8A7556B69AD}.Debug|Any CPU.Build.0 = Debug|Any CPU
		{671568B7-4E50-4E0C-ADEA-C8A7556B69AD}.Debug|x64.ActiveCfg = Debug|Any CPU
		{671568B7-4E50-4E0C-ADEA-C8A7556B69AD}.Debug|x64.Build.0 = Debug|Any CPU
		{671568B7-4E50-4E0C-ADEA-C8A7556B69AD}.Debug|x86.ActiveCfg = Debug|Any CPU
		{671568B7-4E50-4E0C-ADEA-C8A7556B69AD}.Debug|x86.Build.0 = Debug|Any CPU
		{671568B7-4E50-4E0C-ADEA-C8A7556B69AD}.Release|Any CPU.ActiveCfg = Release|Any CPU
		{671568B7-4E50-4E0C-ADEA-C8A7556B69AD}.Release|Any CPU.Build.0 = Release|Any CPU
		{671568B7-4E50-4E0C-ADEA-C8A7556B69AD}.Release|x64.ActiveCfg = Release|Any CPU
		{671568B7-4E50-4E0C-ADEA-C8A7556B69AD}.Release|x64.Build.0 = Release|Any CPU
		{671568B7-4E50-4E0C-ADEA-C8A7556B69AD}.Release|x86.ActiveCfg = Release|Any CPU
		{671568B7-4E50-4E0C-ADEA-C8A7556B69AD}.Release|x86.Build.0 = Release|Any CPU
		{ACC52F3B-62A6-4477-BCE1-9A1DF961CE1B}.Debug|Any CPU.ActiveCfg = Debug|Any CPU
		{ACC52F3B-62A6-4477-BCE1-9A1DF961CE1B}.Debug|Any CPU.Build.0 = Debug|Any CPU
		{ACC52F3B-62A6-4477-BCE1-9A1DF961CE1B}.Debug|x64.ActiveCfg = Debug|Any CPU
		{ACC52F3B-62A6-4477-BCE1-9A1DF961CE1B}.Debug|x64.Build.0 = Debug|Any CPU
		{ACC52F3B-62A6-4477-BCE1-9A1DF961CE1B}.Debug|x86.ActiveCfg = Debug|Any CPU
		{ACC52F3B-62A6-4477-BCE1-9A1DF961CE1B}.Debug|x86.Build.0 = Debug|Any CPU
		{ACC52F3B-62A6-4477-BCE1-9A1DF961CE1B}.Release|Any CPU.ActiveCfg = Release|Any CPU
		{ACC52F3B-62A6-4477-BCE1-9A1DF961CE1B}.Release|Any CPU.Build.0 = Release|Any CPU
		{ACC52F3B-62A6-4477-BCE1-9A1DF961CE1B}.Release|x64.ActiveCfg = Release|Any CPU
		{ACC52F3B-62A6-4477-BCE1-9A1DF961CE1B}.Release|x64.Build.0 = Release|Any CPU
		{ACC52F3B-62A6-4477-BCE1-9A1DF961CE1B}.Release|x86.ActiveCfg = Release|Any CPU
		{ACC52F3B-62A6-4477-BCE1-9A1DF961CE1B}.Release|x86.Build.0 = Release|Any CPU
		{D633902F-1EDB-4E90-AF6C-419501C09169}.Debug|Any CPU.ActiveCfg = Debug|Any CPU
		{D633902F-1EDB-4E90-AF6C-419501C09169}.Debug|Any CPU.Build.0 = Debug|Any CPU
		{D633902F-1EDB-4E90-AF6C-419501C09169}.Debug|x64.ActiveCfg = Debug|Any CPU
		{D633902F-1EDB-4E90-AF6C-419501C09169}.Debug|x64.Build.0 = Debug|Any CPU
		{D633902F-1EDB-4E90-AF6C-419501C09169}.Debug|x86.ActiveCfg = Debug|Any CPU
		{D633902F-1EDB-4E90-AF6C-419501C09169}.Debug|x86.Build.0 = Debug|Any CPU
		{D633902F-1EDB-4E90-AF6C-419501C09169}.Release|Any CPU.ActiveCfg = Release|Any CPU
		{D633902F-1EDB-4E90-AF6C-419501C09169}.Release|Any CPU.Build.0 = Release|Any CPU
		{D633902F-1EDB-4E90-AF6C-419501C09169}.Release|x64.ActiveCfg = Release|Any CPU
		{D633902F-1EDB-4E90-AF6C-419501C09169}.Release|x64.Build.0 = Release|Any CPU
		{D633902F-1EDB-4E90-AF6C-419501C09169}.Release|x86.ActiveCfg = Release|Any CPU
		{D633902F-1EDB-4E90-AF6C-419501C09169}.Release|x86.Build.0 = Release|Any CPU
	EndGlobalSection
EndGlobal
